<?xml version="1.0" encoding="utf-8"?>
<Project ToolsVersion="4.0" xmlns="http://schemas.microsoft.com/developer/msbuild/2003">
  <ItemGroup>
    <Filter Include="Source Files">
      <UniqueIdentifier>{4FC737F1-C7A5-4376-A066-2A32D752A2FF}</UniqueIdentifier>
      <Extensions>cpp;c;cc;cxx;def;odl;idl;hpj;bat;asm;asmx</Extensions>
    </Filter>
    <Filter Include="Header Files">
      <UniqueIdentifier>{93995380-89BD-4b04-88EB-625FBE52EBFB}</UniqueIdentifier>
      <Extensions>h;hh;hpp;hxx;hm;inl;inc;xsd</Extensions>
    </Filter>
    <Filter Include="Resource Files">
      <UniqueIdentifier>{67DA6AB6-F800-4c08-8B7A-83BB121AAD01}</UniqueIdentifier>
      <Extensions>rc;ico;cur;bmp;dlg;rc2;rct;bin;rgs;gif;jpg;jpeg;jpe;resx;tiff;tif;png;wav;mfcribbon-ms</Extensions>
    </Filter>
  </ItemGroup>
  <ItemGroup>
    <ClInclude Include="include\andromeda\stddef.h">
      <Filter>Header Files</Filter>
    </ClInclude>
    <ClInclude Include="include\andromeda\Input\mouse.h">
      <Filter>Header Files</Filter>
    </ClInclude>
    <ClInclude Include="include\andromeda\Input\keyboard.h">
      <Filter>Header Files</Filter>
    </ClInclude>
    <ClInclude Include="include\andromeda\Utilities\template.h">
      <Filter>Header Files</Filter>
    </ClInclude>
    <ClInclude Include="Docs\docs.txt">
      <Filter>Header Files</Filter>
    </ClInclude>
    <ClInclude Include="include\andromeda\Engine\engine.h">
      <Filter>Header Files</Filter>
    </ClInclude>
    <ClInclude Include="include\andromeda\andromeda.h">
      <Filter>Header Files</Filter>
    </ClInclude>
    <ClInclude Include="include\andromeda\Platform\platform.h">
      <Filter>Header Files</Filter>
    </ClInclude>
    <ClInclude Include="src\windows\Platform\platform_windows.h">
      <Filter>Header Files</Filter>
    </ClInclude>
    <ClInclude Include="include\andromeda\Utilities\log.h">
      <Filter>Header Files</Filter>
    </ClInclude>
    <ClInclude Include="include\andromeda\Events\event.h">
      <Filter>Header Files</Filter>
    </ClInclude>
    <ClInclude Include="include\andromeda\Events\event_manager.h">
      <Filter>Header Files</Filter>
    </ClInclude>
    <ClInclude Include="include\andromeda\Engine\config.h">
      <Filter>Header Files</Filter>
    </ClInclude>
    <ClInclude Include="include\andromeda\Utilities\observer.h">
      <Filter>Header Files</Filter>
    </ClInclude>
    <ClInclude Include="include\andromeda\Utilities\singleton.h">
      <Filter>Header Files</Filter>
    </ClInclude>
    <ClInclude Include="include\andromeda\Input\input.h">
      <Filter>Header Files</Filter>
    </ClInclude>
    <ClInclude Include="include\andromeda\Utilities\dependancy.h">
      <Filter>Header Files</Filter>
    </ClInclude>
    <ClInclude Include="include\andromeda\Engine\engine.hpp">
      <Filter>Header Files</Filter>
    </ClInclude>
    <ClInclude Include="include\andromeda\Engine\module.h">
      <Filter>Header Files</Filter>
    </ClInclude>
    <ClInclude Include="include\andromeda\Events\event_manager.hpp">
      <Filter>Header Files</Filter>
    </ClInclude>
    <ClInclude Include="include\andromeda\Engine\system.h">
      <Filter>Header Files</Filter>
    </ClInclude>
    <ClInclude Include="include\andromeda\exception.h">
      <Filter>Header Files</Filter>
    </ClInclude>
    <ClInclude Include="include\andromeda\Utilities\timing.h">
      <Filter>Header Files</Filter>
    </ClInclude>
    <ClInclude Include="include\andromeda\Graphics\buffer.h">
      <Filter>Header Files</Filter>
    </ClInclude>
    <ClInclude Include="include\andromeda\Math\region.h">
      <Filter>Header Files</Filter>
    </ClInclude>
    <ClInclude Include="include\andromeda\Math\glmx\glm_extension.h">
      <Filter>Header Files</Filter>
    </ClInclude>
    <ClInclude Include="include\andromeda\Math\glmx\glm_infinity.h">
      <Filter>Header Files</Filter>
    </ClInclude>
    <ClInclude Include="include\andromeda\Math\glmx\glm_conversion.h">
      <Filter>Header Files</Filter>
    </ClInclude>
    <ClInclude Include="include\andromeda\Events\resize.h">
      <Filter>Header Files</Filter>
    </ClInclude>
    <ClInclude Include="include\andromeda\Math\matrix_stack.h">
      <Filter>Header Files</Filter>
    </ClInclude>
    <ClInclude Include="include\andromeda\Utilities\io.h">
      <Filter>Header Files</Filter>
    </ClInclude>
    <ClInclude Include="include\andromeda\Input\action.h">
      <Filter>Header Files</Filter>
    </ClInclude>
    <ClInclude Include="include\andromeda\Graphics\material.h">
      <Filter>Header Files</Filter>
    </ClInclude>
    <ClInclude Include="include\andromeda\Game\entity.h">
      <Filter>Header Files</Filter>
    </ClInclude>
    <ClInclude Include="include\andromeda\Game\component.h">
      <Filter>Header Files</Filter>
    </ClInclude>
    <ClInclude Include="include\andromeda\Game\entity.hpp">
      <Filter>Header Files</Filter>
    </ClInclude>
    <ClInclude Include="include\andromeda\Game\dummy_component.h">
      <Filter>Header Files</Filter>
    </ClInclude>
    <ClInclude Include="include\andromeda\Graphics\particle_system.h">
      <Filter>Header Files</Filter>
    </ClInclude>
    <ClInclude Include="include\andromeda\Graphics\render_target.h">
      <Filter>Header Files</Filter>
    </ClInclude>
    <ClInclude Include="include\andromeda\Graphics\texture.h">
      <Filter>Header Files</Filter>
    </ClInclude>
    <ClInclude Include="include\andromeda\Engine\application.h">
      <Filter>Header Files</Filter>
    </ClInclude>
    <ClInclude Include="include\andromeda\Game\transform_component.h">
      <Filter>Header Files</Filter>
    </ClInclude>
    <ClInclude Include="include\andromeda\graphics.h">
      <Filter>Header Files</Filter>
    </ClInclude>
    <ClInclude Include="include\andromeda\Geometry\geometry_surface.hpp">
      <Filter>Header Files</Filter>
    </ClInclude>
    <ClInclude Include="include\andromeda\Geometry\geometry.h">
      <Filter>Header Files</Filter>
    </ClInclude>
    <ClInclude Include="include\andromeda\Geometry\geometry_builder.h">
      <Filter>Header Files</Filter>
    </ClInclude>
    <ClInclude Include="include\andromeda\Geometry\geometry_desc.h">
      <Filter>Header Files</Filter>
    </ClInclude>
    <ClInclude Include="include\andromeda\Geometry\geometry_generate.h">
      <Filter>Header Files</Filter>
    </ClInclude>
    <ClInclude Include="include\andromeda\Geometry\geometry_surface.h">
      <Filter>Header Files</Filter>
    </ClInclude>
    <ClInclude Include="include\andromeda\opengl.h">
      <Filter>Header Files</Filter>
    </ClInclude>
    <ClInclude Include="include\andromeda\Renderer\context.h">
      <Filter>Header Files</Filter>
    </ClInclude>
    <ClInclude Include="include\andromeda\Renderer\renderable.h">
      <Filter>Header Files</Filter>
    </ClInclude>
    <ClInclude Include="include\andromeda\Renderer\renderer.h">
      <Filter>Header Files</Filter>
    </ClInclude>
    <ClInclude Include="include\andromeda\Renderer\view.h">
      <Filter>Header Files</Filter>
    </ClInclude>
    <ClInclude Include="include\andromeda\Renderer\scene_graph.h">
      <Filter>Header Files</Filter>
    </ClInclude>
    <ClInclude Include="src\windows\Renderer\context_windows.h">
      <Filter>Header Files</Filter>
    </ClInclude>
    <ClInclude Include="include\andromeda\Engine\display.h">
      <Filter>Header Files</Filter>
    </ClInclude>
    <ClInclude Include="include\andromeda\Resources\resource_manager.h">
      <Filter>Header Files</Filter>
    </ClInclude>
    <ClInclude Include="include\andromeda\Resources\resource_stream.h">
      <Filter>Header Files</Filter>
    </ClInclude>
    <ClInclude Include="src\common\Resources\resource_search_common.h">
      <Filter>Header Files</Filter>
    </ClInclude>
    <ClInclude Include="src\common\Resources\resource_stream_common.h">
      <Filter>Header Files</Filter>
    </ClInclude>
    <ClInclude Include="include\andromeda\Resources\resource_cache.h">
      <Filter>Header Files</Filter>
    </ClInclude>
    <ClInclude Include="include\andromeda\Renderer\layer.h">
      <Filter>Header Files</Filter>
    </ClInclude>
    <ClInclude Include="include\andromeda\Game\game_object.h">
      <Filter>Header Files</Filter>
    </ClInclude>
    <ClInclude Include="include\andromeda\Renderer\scene_graph_basic.h">
      <Filter>Header Files</Filter>
    </ClInclude>
    <ClInclude Include="include\andromeda\Game\camera_component.h">
      <Filter>Header Files</Filter>
    </ClInclude>
    <ClInclude Include="include\andromeda\Renderer\projection.h">
      <Filter>Header Files</Filter>
    </ClInclude>
    <ClInclude Include="include\andromeda\Graphics\effect.h">
      <Filter>Header Files</Filter>
    </ClInclude>
    <ClInclude Include="include\andromeda\Graphics\effect_buffer.h">
      <Filter>Header Files</Filter>
    </ClInclude>
    <ClInclude Include="include\andromeda\Game\view_component.h">
      <Filter>Header Files</Filter>
    </ClInclude>
    <ClInclude Include="include\andromeda\Renderer\scene_graph_cache.h">
      <Filter>Header Files</Filter>
    </ClInclude>
    <ClInclude Include="include\andromeda\Renderer\scene.h">
      <Filter>Header Files</Filter>
    </ClInclude>
    <ClInclude Include="include\andromeda\Game\render_component.h">
      <Filter>Header Files</Filter>
    </ClInclude>
    <ClInclude Include="include\andromeda\Game\geometry_component.h">
      <Filter>Header Files</Filter>
    </ClInclude>
    <ClInclude Include="include\andromeda\glm.h">
      <Filter>Header Files</Filter>
    </ClInclude>
    <ClInclude Include="include\andromeda\debug.h">
      <Filter>Header Files</Filter>
    </ClInclude>
    <ClInclude Include="include\andromeda\Containers\template_map.h">
      <Filter>Header Files</Filter>
    </ClInclude>
    <ClInclude Include="include\andromeda\Containers\Deprecated\vector.h">
      <Filter>Header Files</Filter>
    </ClInclude>
    <ClInclude Include="include\andromeda\Containers\template_multimap.h">
      <Filter>Header Files</Filter>
    </ClInclude>
    <ClInclude Include="include\andromeda\Renderer\camera.h">
      <Filter>Header Files</Filter>
    </ClInclude>
    <ClInclude Include="include\andromeda\Renderer\camera_target.h">
      <Filter>Header Files</Filter>
    </ClInclude>
    <ClInclude Include="include\andromeda\Renderer\camera_static.h">
      <Filter>Header Files</Filter>
    </ClInclude>
    <ClInclude Include="include\andromeda\Renderer\transform.h">
      <Filter>Header Files</Filter>
    </ClInclude>
    <ClInclude Include="include\andromeda\Renderer\visibility.h">
      <Filter>Header Files</Filter>
    </ClInclude>
    <ClInclude Include="include\andromeda\Renderer\view_builder.h">
      <Filter>Header Files</Filter>
    </ClInclude>
    <ClInclude Include="include\andromeda\Renderer\camera_builder.h">
      <Filter>Header Files</Filter>
    </ClInclude>
    <ClInclude Include="include\andromeda\Graphics\mesh.h">
      <Filter>Header Files</Filter>
    </ClInclude>
    <ClInclude Include="include\andromeda\Game\mesh_component.h">
      <Filter>Header Files</Filter>
    </ClInclude>
    <ClInclude Include="include\andromeda\Graphics\font.h">
      <Filter>Header Files</Filter>
    </ClInclude>
    <ClInclude Include="include\andromeda\Resources\mesh_resource.h">
      <Filter>Header Files</Filter>
    </ClInclude>
    <ClInclude Include="include\andromeda\Resources\texture_resource.h">
      <Filter>Header Files</Filter>
    </ClInclude>
    <ClInclude Include="include\andromeda\Resources\resource_type.h">
      <Filter>Header Files</Filter>
    </ClInclude>
    <ClInclude Include="include\andromeda\Resources\resource_loader.h">
      <Filter>Header Files</Filter>
    </ClInclude>
    <ClInclude Include="src\windows\andromeda_windows.h">
      <Filter>Header Files</Filter>
    </ClInclude>
    <ClInclude Include="src\andromeda\andromeda_config.h">
      <Filter>Header Files</Filter>
    </ClInclude>
    <ClInclude Include="src\andromeda\andromeda.h">
      <Filter>Header Files</Filter>
    </ClInclude>
    <ClInclude Include="include\andromeda\Resources\xml_resource.h">
      <Filter>Header Files</Filter>
    </ClInclude>
    <ClInclude Include="include\andromeda\Resources\effect_resource.h">
      <Filter>Header Files</Filter>
    </ClInclude>
    <ClInclude Include="src\windows\Engine\display_windows.h">
      <Filter>Header Files</Filter>
    </ClInclude>
    <ClInclude Include="include\andromeda\Platform\file.h">
      <Filter>Header Files</Filter>
    </ClInclude>
    <ClInclude Include="include\andromeda\Resources\resource_location_filesystem.h">
      <Filter>Header Files</Filter>
    </ClInclude>
  </ItemGroup>
  <ItemGroup>
    <Text Include="Docs\readme.txt" />
    <Text Include="Docs\notes.txt" />
    <Text Include="Docs\todo.txt" />
    <Text Include="Docs\code.txt" />
    <Text Include="readme.txt" />
    <Text Include="notes.txt" />
  </ItemGroup>
  <ItemGroup>
    <ClCompile Include="src\andromeda\Engine\engine.cpp">
      <Filter>Source Files</Filter>
    </ClCompile>
    <ClCompile Include="src\windows\andromeda_windows.cpp">
      <Filter>Source Files</Filter>
    </ClCompile>
    <ClCompile Include="src\windows\Platform\platform_windows.cpp">
      <Filter>Source Files</Filter>
    </ClCompile>
    <ClCompile Include="src\andromeda\Utilities\log.cpp">
      <Filter>Source Files</Filter>
    </ClCompile>
    <ClCompile Include="src\andromeda\Engine\config.cpp">
      <Filter>Source Files</Filter>
    </ClCompile>
    <ClCompile Include="src\andromeda\Input\keyboard.cpp">
      <Filter>Source Files</Filter>
    </ClCompile>
    <ClCompile Include="src\andromeda\Input\mouse.cpp">
      <Filter>Source Files</Filter>
    </ClCompile>
    <ClCompile Include="src\andromeda\Platform\platform.cpp">
      <Filter>Source Files</Filter>
    </ClCompile>
    <ClCompile Include="src\andromeda\Engine\system.cpp">
      <Filter>Source Files</Filter>
    </ClCompile>
    <ClCompile Include="src\andromeda\Graphics\buffer.cpp">
      <Filter>Source Files</Filter>
    </ClCompile>
    <ClCompile Include="src\andromeda\Events\resize.cpp">
      <Filter>Source Files</Filter>
    </ClCompile>
    <ClCompile Include="src\andromeda\Utilities\io.cpp">
      <Filter>Source Files</Filter>
    </ClCompile>
    <ClCompile Include="src\andromeda\Input\mouse_listener.cpp">
      <Filter>Source Files</Filter>
    </ClCompile>
    <ClCompile Include="src\andromeda\Input\keyboard_listener.cpp">
      <Filter>Source Files</Filter>
    </ClCompile>
    <ClCompile Include="src\andromeda\Graphics\particle_system.cpp">
      <Filter>Source Files</Filter>
    </ClCompile>
    <ClCompile Include="src\andromeda\Graphics\render_target.cpp">
      <Filter>Source Files</Filter>
    </ClCompile>
    <ClCompile Include="src\andromeda\Graphics\texture.cpp">
      <Filter>Source Files</Filter>
    </ClCompile>
    <ClCompile Include="src\andromeda\Engine\application.cpp">
      <Filter>Source Files</Filter>
    </ClCompile>
    <ClCompile Include="src\andromeda\Game\transform_component.cpp">
      <Filter>Source Files</Filter>
    </ClCompile>
    <ClCompile Include="src\andromeda\Resources\texture_resource.cpp">
      <Filter>Source Files</Filter>
    </ClCompile>
    <ClCompile Include="src\andromeda\Graphics\render_target2.cpp">
      <Filter>Source Files</Filter>
    </ClCompile>
    <ClCompile Include="src\andromeda\Geometry\geometry_cube.cpp">
      <Filter>Source Files</Filter>
    </ClCompile>
    <ClCompile Include="src\andromeda\Geometry\geometry_ellipse.cpp">
      <Filter>Source Files</Filter>
    </ClCompile>
    <ClCompile Include="src\andromeda\Geometry\geometry_plane.cpp">
      <Filter>Source Files</Filter>
    </ClCompile>
    <ClCompile Include="src\andromeda\Geometry\geometry.cpp">
      <Filter>Source Files</Filter>
    </ClCompile>
    <ClCompile Include="src\andromeda\Geometry\geometry_builder.cpp">
      <Filter>Source Files</Filter>
    </ClCompile>
    <ClCompile Include="src\andromeda\Geometry\geometry_desc.cpp">
      <Filter>Source Files</Filter>
    </ClCompile>
    <ClCompile Include="src\andromeda\Renderer\context.cpp">
      <Filter>Source Files</Filter>
    </ClCompile>
    <ClCompile Include="src\andromeda\Renderer\renderable.cpp">
      <Filter>Source Files</Filter>
    </ClCompile>
    <ClCompile Include="src\andromeda\Renderer\renderer.cpp">
      <Filter>Source Files</Filter>
    </ClCompile>
    <ClCompile Include="src\andromeda\Renderer\view.cpp">
      <Filter>Source Files</Filter>
    </ClCompile>
    <ClCompile Include="src\windows\Renderer\context_windows.cpp">
      <Filter>Source Files</Filter>
    </ClCompile>
    <ClCompile Include="src\andromeda\Resources\resource_manager.cpp">
      <Filter>Source Files</Filter>
    </ClCompile>
    <ClCompile Include="src\common\Resources\resource_search_common.cpp">
      <Filter>Source Files</Filter>
    </ClCompile>
    <ClCompile Include="src\common\Resources\resource_stream_common.cpp">
      <Filter>Source Files</Filter>
    </ClCompile>
    <ClCompile Include="src\andromeda\Resources\resource_cache.cpp">
      <Filter>Source Files</Filter>
    </ClCompile>
    <ClCompile Include="src\andromeda\Renderer\layer.cpp">
      <Filter>Source Files</Filter>
    </ClCompile>
    <ClCompile Include="src\andromeda\Renderer\scene_graph_basic.cpp">
      <Filter>Source Files</Filter>
    </ClCompile>
    <ClCompile Include="src\andromeda\Graphics\effect.cpp">
      <Filter>Source Files</Filter>
    </ClCompile>
    <ClCompile Include="src\andromeda\Game\game_object.cpp">
      <Filter>Source Files</Filter>
    </ClCompile>
    <ClCompile Include="src\andromeda\Renderer\scene_graph_cache.cpp">
      <Filter>Source Files</Filter>
    </ClCompile>
    <ClCompile Include="src\andromeda\Renderer\scene.cpp">
      <Filter>Source Files</Filter>
    </ClCompile>
    <ClCompile Include="src\andromeda\Game\render_component.cpp">
      <Filter>Source Files</Filter>
    </ClCompile>
    <ClCompile Include="src\andromeda\Renderer\view_texture.cpp">
      <Filter>Source Files</Filter>
    </ClCompile>
    <ClCompile Include="src\andromeda\Renderer\view_screen.cpp">
      <Filter>Source Files</Filter>
    </ClCompile>
    <ClCompile Include="src\andromeda\Game\geometry_component.cpp">
      <Filter>Source Files</Filter>
    </ClCompile>
    <ClCompile Include="src\andromeda\Game\entity.cpp">
      <Filter>Source Files</Filter>
    </ClCompile>
    <ClCompile Include="src\andromeda\Renderer\camera_default.cpp">
      <Filter>Source Files</Filter>
    </ClCompile>
    <ClCompile Include="src\andromeda\Renderer\camera_static.cpp">
      <Filter>Source Files</Filter>
    </ClCompile>
    <ClCompile Include="src\andromeda\Renderer\camera_target.cpp">
      <Filter>Source Files</Filter>
    </ClCompile>
    <ClCompile Include="src\andromeda\Renderer\camera_builder.cpp">
      <Filter>Source Files</Filter>
    </ClCompile>
    <ClCompile Include="src\andromeda\Renderer\visibility_region.cpp">
      <Filter>Source Files</Filter>
    </ClCompile>
    <ClCompile Include="src\andromeda\Renderer\view_builder.cpp">
      <Filter>Source Files</Filter>
    </ClCompile>
    <ClCompile Include="src\andromeda\Graphics\mesh.cpp">
      <Filter>Source Files</Filter>
    </ClCompile>
    <ClCompile Include="src\andromeda\Resources\mesh_resource.cpp">
      <Filter>Source Files</Filter>
    </ClCompile>
    <ClCompile Include="src\andromeda\Game\mesh_component.cpp">
      <Filter>Source Files</Filter>
    </ClCompile>
    <ClCompile Include="src\andromeda\Graphics\font.cpp">
      <Filter>Source Files</Filter>
    </ClCompile>
    <ClCompile Include="src\andromeda\Graphics\material.cpp">
      <Filter>Source Files</Filter>
    </ClCompile>
    <ClCompile Include="src\andromeda\Graphics\effect_material_buffer.cpp">
      <Filter>Source Files</Filter>
    </ClCompile>
    <ClCompile Include="src\andromeda\Resources\resource_loader.cpp">
      <Filter>Source Files</Filter>
    </ClCompile>
    <ClCompile Include="src\andromeda\andromeda.cpp">
      <Filter>Source Files</Filter>
    </ClCompile>
    <ClCompile Include="src\windows\Engine\display_windows.cpp">
      <Filter>Source Files</Filter>
    </ClCompile>
    <ClCompile Include="src\andromeda\Engine\display.cpp">
      <Filter>Source Files</Filter>
    </ClCompile>
    <ClCompile Include="src\andromeda\Platform\file.cpp">
      <Filter>Source Files</Filter>
    </ClCompile>
    <ClCompile Include="src\andromeda\Resources\resource_location_filesystem.cpp">
      <Filter>Source Files</Filter>
    </ClCompile>
    <ClCompile Include="src\andromeda\Platform\file_binary.cpp">
      <Filter>Source Files</Filter>
    </ClCompile>
    <ClCompile Include="src\andromeda\Platform\file_text.cpp">
      <Filter>Source Files</Filter>
    </ClCompile>
  </ItemGroup>
</Project>