<?xml version="1.0" encoding="utf-8"?>
<Project ToolsVersion="4.0" xmlns="http://schemas.microsoft.com/developer/msbuild/2003">
  <ItemGroup>
    <Filter Include="Source Files">
      <UniqueIdentifier>{4FC737F1-C7A5-4376-A066-2A32D752A2FF}</UniqueIdentifier>
      <Extensions>cpp;c;cc;cxx;def;odl;idl;hpj;bat;asm;asmx</Extensions>
    </Filter>
    <Filter Include="Header Files">
      <UniqueIdentifier>{93995380-89BD-4b04-88EB-625FBE52EBFB}</UniqueIdentifier>
      <Extensions>h;hh;hpp;hxx;hm;inl;inc;xsd</Extensions>
    </Filter>
    <Filter Include="Resource Files">
      <UniqueIdentifier>{67DA6AB6-F800-4c08-8B7A-83BB121AAD01}</UniqueIdentifier>
      <Extensions>rc;ico;cur;bmp;dlg;rc2;rct;bin;rgs;gif;jpg;jpeg;jpe;resx;tiff;tif;png;wav;mfcribbon-ms</Extensions>
    </Filter>
  </ItemGroup>
  <ItemGroup>
    <ClInclude Include="include\andromeda\stddef.h">
      <Filter>Header Files</Filter>
    </ClInclude>
    <ClInclude Include="include\andromeda\Input\mouse.h">
      <Filter>Header Files</Filter>
    </ClInclude>
    <ClInclude Include="include\andromeda\Input\keyboard.h">
      <Filter>Header Files</Filter>
    </ClInclude>
    <ClInclude Include="include\andromeda\Utilities\template.h">
      <Filter>Header Files</Filter>
    </ClInclude>
    <ClInclude Include="Docs\docs.txt">
      <Filter>Header Files</Filter>
    </ClInclude>
    <ClInclude Include="include\andromeda\Engine\engine.h">
      <Filter>Header Files</Filter>
    </ClInclude>
    <ClInclude Include="include\andromeda\andromeda.h">
      <Filter>Header Files</Filter>
    </ClInclude>
    <ClInclude Include="include\andromeda\Platform\platform.h">
      <Filter>Header Files</Filter>
    </ClInclude>
    <ClInclude Include="src\windows\Platform\platform_windows.h">
      <Filter>Header Files</Filter>
    </ClInclude>
    <ClInclude Include="include\andromeda\Utilities\log.h">
      <Filter>Header Files</Filter>
    </ClInclude>
    <ClInclude Include="include\andromeda\Events\event.h">
      <Filter>Header Files</Filter>
    </ClInclude>
    <ClInclude Include="include\andromeda\Events\event_manager.h">
      <Filter>Header Files</Filter>
    </ClInclude>
    <ClInclude Include="include\andromeda\Engine\config.h">
      <Filter>Header Files</Filter>
    </ClInclude>
    <ClInclude Include="include\andromeda\Utilities\observer.h">
      <Filter>Header Files</Filter>
    </ClInclude>
    <ClInclude Include="include\andromeda\Utilities\singleton.h">
      <Filter>Header Files</Filter>
    </ClInclude>
    <ClInclude Include="include\andromeda\Input\input.h">
      <Filter>Header Files</Filter>
    </ClInclude>
    <ClInclude Include="include\andromeda\Utilities\dependancy.h">
      <Filter>Header Files</Filter>
    </ClInclude>
    <ClInclude Include="include\andromeda\Engine\engine.hpp">
      <Filter>Header Files</Filter>
    </ClInclude>
    <ClInclude Include="include\andromeda\Engine\module.h">
      <Filter>Header Files</Filter>
    </ClInclude>
    <ClInclude Include="include\andromeda\Events\event_manager.hpp">
      <Filter>Header Files</Filter>
    </ClInclude>
    <ClInclude Include="include\andromeda\Engine\system.h">
      <Filter>Header Files</Filter>
    </ClInclude>
    <ClInclude Include="include\andromeda\exception.h">
      <Filter>Header Files</Filter>
    </ClInclude>
    <ClInclude Include="include\andromeda\Utilities\timing.h">
      <Filter>Header Files</Filter>
    </ClInclude>
    <ClInclude Include="include\andromeda\Graphics\buffer.h">
      <Filter>Header Files</Filter>
    </ClInclude>
    <ClInclude Include="include\andromeda\Math\region.h">
      <Filter>Header Files</Filter>
    </ClInclude>
    <ClInclude Include="include\andromeda\Math\glmx\glm_extension.h">
      <Filter>Header Files</Filter>
    </ClInclude>
    <ClInclude Include="include\andromeda\Math\glmx\glm_infinity.h">
      <Filter>Header Files</Filter>
    </ClInclude>
    <ClInclude Include="include\andromeda\Math\glmx\glm_conversion.h">
      <Filter>Header Files</Filter>
    </ClInclude>
    <ClInclude Include="include\andromeda\Events\resize.h">
      <Filter>Header Files</Filter>
    </ClInclude>
    <ClInclude Include="include\andromeda\Math\matrix_stack.h">
      <Filter>Header Files</Filter>
    </ClInclude>
    <ClInclude Include="include\andromeda\Utilities\io.h">
      <Filter>Header Files</Filter>
    </ClInclude>
    <ClInclude Include="include\andromeda\Input\action.h">
      <Filter>Header Files</Filter>
    </ClInclude>
    <ClInclude Include="include\andromeda\Graphics\material.h">
      <Filter>Header Files</Filter>
    </ClInclude>
    <ClInclude Include="include\andromeda\Game\entity.h">
      <Filter>Header Files</Filter>
    </ClInclude>
    <ClInclude Include="include\andromeda\Game\component.h">
      <Filter>Header Files</Filter>
    </ClInclude>
    <ClInclude Include="include\andromeda\Game\entity.hpp">
      <Filter>Header Files</Filter>
    </ClInclude>
    <ClInclude Include="include\andromeda\Game\dummy_component.h">
      <Filter>Header Files</Filter>
    </ClInclude>
    <ClInclude Include="include\andromeda\Graphics\particle_system.h">
      <Filter>Header Files</Filter>
    </ClInclude>
    <ClInclude Include="include\andromeda\Graphics\render_target.h">
      <Filter>Header Files</Filter>
    </ClInclude>
    <ClInclude Include="include\andromeda\Graphics\texture.h">
      <Filter>Header Files</Filter>
    </ClInclude>
    <ClInclude Include="include\andromeda\Engine\application.h">
      <Filter>Header Files</Filter>
    </ClInclude>
    <ClInclude Include="include\andromeda\Game\transform_component.h">
      <Filter>Header Files</Filter>
    </ClInclude>
    <ClInclude Include="include\andromeda\graphics.h">
      <Filter>Header Files</Filter>
    </ClInclude>
    <ClInclude Include="include\andromeda\Geometry\geometry.h">
      <Filter>Header Files</Filter>
    </ClInclude>
    <ClInclude Include="include\andromeda\Geometry\geometry_builder.h">
      <Filter>Header Files</Filter>
    </ClInclude>
    <ClInclude Include="include\andromeda\Geometry\geometry_desc.h">
      <Filter>Header Files</Filter>
    </ClInclude>
    <ClInclude Include="include\andromeda\Geometry\geometry_generate.h">
      <Filter>Header Files</Filter>
    </ClInclude>
    <ClInclude Include="include\andromeda\Geometry\geometry_surface.h">
      <Filter>Header Files</Filter>
    </ClInclude>
    <ClInclude Include="include\andromeda\opengl.h">
      <Filter>Header Files</Filter>
    </ClInclude>
    <ClInclude Include="include\andromeda\Renderer\context.h">
      <Filter>Header Files</Filter>
    </ClInclude>
    <ClInclude Include="include\andromeda\Renderer\renderable.h">
      <Filter>Header Files</Filter>
    </ClInclude>
    <ClInclude Include="include\andromeda\Renderer\view.h">
      <Filter>Header Files</Filter>
    </ClInclude>
    <ClInclude Include="include\andromeda\Renderer\scene_graph.h">
      <Filter>Header Files</Filter>
    </ClInclude>
    <ClInclude Include="src\windows\Renderer\context_windows.h">
      <Filter>Header Files</Filter>
    </ClInclude>
    <ClInclude Include="include\andromeda\Engine\display.h">
      <Filter>Header Files</Filter>
    </ClInclude>
    <ClInclude Include="include\andromeda\Resources\resource_manager.h">
      <Filter>Header Files</Filter>
    </ClInclude>
    <ClInclude Include="include\andromeda\Renderer\layer.h">
      <Filter>Header Files</Filter>
    </ClInclude>
    <ClInclude Include="include\andromeda\Game\game_object.h">
      <Filter>Header Files</Filter>
    </ClInclude>
    <ClInclude Include="include\andromeda\Renderer\scene_graph_basic.h">
      <Filter>Header Files</Filter>
    </ClInclude>
    <ClInclude Include="include\andromeda\Game\camera_component.h">
      <Filter>Header Files</Filter>
    </ClInclude>
    <ClInclude Include="include\andromeda\Graphics\effect.h">
      <Filter>Header Files</Filter>
    </ClInclude>
    <ClInclude Include="include\andromeda\Game\view_component.h">
      <Filter>Header Files</Filter>
    </ClInclude>
    <ClInclude Include="include\andromeda\Renderer\scene.h">
      <Filter>Header Files</Filter>
    </ClInclude>
    <ClInclude Include="include\andromeda\Game\render_component.h">
      <Filter>Header Files</Filter>
    </ClInclude>
    <ClInclude Include="include\andromeda\Game\geometry_component.h">
      <Filter>Header Files</Filter>
    </ClInclude>
    <ClInclude Include="include\andromeda\glm.h">
      <Filter>Header Files</Filter>
    </ClInclude>
    <ClInclude Include="include\andromeda\debug.h">
      <Filter>Header Files</Filter>
    </ClInclude>
    <ClInclude Include="include\andromeda\Containers\template_map.h">
      <Filter>Header Files</Filter>
    </ClInclude>
    <ClInclude Include="include\andromeda\Containers\Deprecated\vector.h">
      <Filter>Header Files</Filter>
    </ClInclude>
    <ClInclude Include="include\andromeda\Containers\template_multimap.h">
      <Filter>Header Files</Filter>
    </ClInclude>
    <ClInclude Include="include\andromeda\Renderer\camera.h">
      <Filter>Header Files</Filter>
    </ClInclude>
    <ClInclude Include="include\andromeda\Renderer\transform.h">
      <Filter>Header Files</Filter>
    </ClInclude>
    <ClInclude Include="include\andromeda\Renderer\view_builder.h">
      <Filter>Header Files</Filter>
    </ClInclude>
    <ClInclude Include="include\andromeda\Graphics\mesh.h">
      <Filter>Header Files</Filter>
    </ClInclude>
    <ClInclude Include="include\andromeda\Game\mesh_component.h">
      <Filter>Header Files</Filter>
    </ClInclude>
    <ClInclude Include="include\andromeda\Graphics\font.h">
      <Filter>Header Files</Filter>
    </ClInclude>
    <ClInclude Include="include\andromeda\Resources\resource_type.h">
      <Filter>Header Files</Filter>
    </ClInclude>
    <ClInclude Include="include\andromeda\Resources\resource_loader.h">
      <Filter>Header Files</Filter>
    </ClInclude>
    <ClInclude Include="src\windows\andromeda_windows.h">
      <Filter>Header Files</Filter>
    </ClInclude>
    <ClInclude Include="src\andromeda\andromeda_config.h">
      <Filter>Header Files</Filter>
    </ClInclude>
    <ClInclude Include="src\andromeda\andromeda.h">
      <Filter>Header Files</Filter>
    </ClInclude>
    <ClInclude Include="include\andromeda\Resources\xml_resource.h">
      <Filter>Header Files</Filter>
    </ClInclude>
    <ClInclude Include="src\windows\Engine\display_windows.h">
      <Filter>Header Files</Filter>
    </ClInclude>
    <ClInclude Include="include\andromeda\Resources\resource_location_filesystem.h">
      <Filter>Header Files</Filter>
    </ClInclude>
    <ClInclude Include="src\xeffect\x_effect.h">
      <Filter>Header Files</Filter>
    </ClInclude>
    <ClInclude Include="src\xeffect\x_technique.h">
      <Filter>Header Files</Filter>
    </ClInclude>
    <ClInclude Include="src\xeffect\x_pass.h">
      <Filter>Header Files</Filter>
    </ClInclude>
    <ClInclude Include="src\xeffect\x_extension.h">
      <Filter>Header Files</Filter>
    </ClInclude>
    <ClInclude Include="src\xeffect\xloader.h">
      <Filter>Header Files</Filter>
    </ClInclude>
    <ClInclude Include="include\xeffect\xeffect.h">
      <Filter>Header Files</Filter>
    </ClInclude>
    <ClInclude Include="include\andromeda\Utilities\chain.h">
      <Filter>Header Files</Filter>
    </ClInclude>
    <ClInclude Include="src\xeffect\x_shader.h">
      <Filter>Header Files</Filter>
    </ClInclude>
    <ClInclude Include="src\xeffect\x_variable_map.h">
      <Filter>Header Files</Filter>
    </ClInclude>
    <ClInclude Include="src\xeffect\x_shader_builder.h">
      <Filter>Header Files</Filter>
    </ClInclude>
    <ClInclude Include="src\xeffect\x_shader_source.h">
      <Filter>Header Files</Filter>
    </ClInclude>
    <ClInclude Include="src\xeffect\x_exception.h">
      <Filter>Header Files</Filter>
    </ClInclude>
    <ClInclude Include="include\opengl\graphics_gl.h">
      <Filter>Header Files</Filter>
    </ClInclude>
    <ClInclude Include="include\andromeda\graphics_types.h">
      <Filter>Header Files</Filter>
    </ClInclude>
    <ClInclude Include="src\xeffect\x_node.h">
      <Filter>Header Files</Filter>
    </ClInclude>
    <ClInclude Include="src\andromeda\Resources\effect_resource.h">
      <Filter>Header Files</Filter>
    </ClInclude>
    <ClInclude Include="src\andromeda\Resources\mesh_resource.h">
      <Filter>Header Files</Filter>
    </ClInclude>
    <ClInclude Include="src\andromeda\Resources\texture_resource.h">
      <Filter>Header Files</Filter>
    </ClInclude>
    <ClInclude Include="src\xeffect\x_uniform.h">
      <Filter>Header Files</Filter>
    </ClInclude>
    <ClInclude Include="src\xeffect\x_uniform_builder.h">
      <Filter>Header Files</Filter>
    </ClInclude>
    <ClInclude Include="src\xeffect\x_state.h">
      <Filter>Header Files</Filter>
    </ClInclude>
    <ClInclude Include="src\xeffect\x_state_builder.h">
      <Filter>Header Files</Filter>
    </ClInclude>
    <ClInclude Include="src\xeffect\x_name.h">
      <Filter>Header Files</Filter>
    </ClInclude>
    <ClInclude Include="include\andromeda\Utilities\convert.h">
      <Filter>Header Files</Filter>
    </ClInclude>
    <ClInclude Include="include\andromeda\Math\math.h">
      <Filter>Header Files</Filter>
    </ClInclude>
    <ClInclude Include="include\andromeda\Graphics\light.h">
      <Filter>Header Files</Filter>
    </ClInclude>
    <ClInclude Include="include\andromeda\Resources\resource_manager.hpp">
      <Filter>Header Files</Filter>
    </ClInclude>
    <ClInclude Include="include\andromeda\Geometry\geometry_surface_function.h">
      <Filter>Header Files</Filter>
    </ClInclude>
    <ClInclude Include="include\andromeda\Geometry\geometry_cube.h">
      <Filter>Header Files</Filter>
    </ClInclude>
    <ClInclude Include="include\andromeda\geometry.h">
      <Filter>Header Files</Filter>
    </ClInclude>
    <ClInclude Include="include\andromeda\Geometry\geometry_ellipse.h">
      <Filter>Header Files</Filter>
    </ClInclude>
    <ClInclude Include="include\andromeda\Geometry\geometry_cylinder.h">
      <Filter>Header Files</Filter>
    </ClInclude>
    <ClInclude Include="include\andromeda\Geometry\geometry_torus.h">
      <Filter>Header Files</Filter>
    </ClInclude>
    <ClInclude Include="include\andromeda\Math\plane.h">
      <Filter>Header Files</Filter>
    </ClInclude>
    <ClInclude Include="include\andromeda\Utilities\observable.h">
      <Filter>Header Files</Filter>
    </ClInclude>
    <ClInclude Include="include\andromeda\Geometry\geometry_polygon.h">
      <Filter>Header Files</Filter>
    </ClInclude>
    <ClInclude Include="include\andromeda\Geometry\tesselation.h">
      <Filter>Header Files</Filter>
    </ClInclude>
    <ClInclude Include="include\andromeda\Geometry\primitive_builder.h">
      <Filter>Header Files</Filter>
    </ClInclude>
    <ClInclude Include="include\andromeda\Game\text_component.h">
      <Filter>Header Files</Filter>
    </ClInclude>
    <ClInclude Include="include\andromeda\Resources\font_resource.h">
      <Filter>Header Files</Filter>
    </ClInclude>
    <ClInclude Include="include\andromeda\Geometry\shape.h">
      <Filter>Header Files</Filter>
    </ClInclude>
    <ClInclude Include="include\andromeda\Graphics\font_atlas.h">
      <Filter>Header Files</Filter>
    </ClInclude>
    <ClInclude Include="include\andromeda\Utilities\image.h">
      <Filter>Header Files</Filter>
    </ClInclude>
    <ClInclude Include="include\andromeda\Utilities\Image\image_convert.h">
      <Filter>Header Files</Filter>
    </ClInclude>
    <ClInclude Include="include\andromeda\Renderer\scene_manager.h">
      <Filter>Header Files</Filter>
    </ClInclude>
    <ClInclude Include="include\andromeda\Renderer\scene_graph_hierarchy.h">
      <Filter>Header Files</Filter>
    </ClInclude>
    <ClInclude Include="include\andromeda\Engine\updater.h">
      <Filter>Header Files</Filter>
    </ClInclude>
    <ClInclude Include="include\andromeda\Renderer\renderer.h">
      <Filter>Header Files</Filter>
    </ClInclude>
    <ClInclude Include="include\andromeda\Renderer\renderer_deferred.h">
      <Filter>Header Files</Filter>
    </ClInclude>
    <ClInclude Include="include\andromeda\Graphics\frame_buffer.h">
      <Filter>Header Files</Filter>
    </ClInclude>
    <ClInclude Include="src\andromeda\Renderer\renderable_group.h">
      <Filter>Header Files</Filter>
    </ClInclude>
    <ClInclude Include="include\andromeda\Renderer\renderer_active.h">
      <Filter>Header Files</Filter>
    </ClInclude>
    <ClInclude Include="include\andromeda\Renderer\scene_graph_cache.h">
      <Filter>Header Files</Filter>
    </ClInclude>
    <ClInclude Include="src\opengl\Graphics\shader_gl.h">
      <Filter>Header Files</Filter>
    </ClInclude>
    <ClInclude Include="src\opengl\Graphics\frame_buffer_gl.h">
      <Filter>Header Files</Filter>
    </ClInclude>
    <ClInclude Include="src\opengl\Graphics\render_buffer_gl.h">
      <Filter>Header Files</Filter>
    </ClInclude>
    <ClInclude Include="include\andromeda\Math\projection_matrix.h">
      <Filter>Header Files</Filter>
    </ClInclude>
    <ClInclude Include="include\andromeda\Math\view_matrix.h">
      <Filter>Header Files</Filter>
    </ClInclude>
    <ClInclude Include="include\andromeda\Math\camera_matrix.h">
      <Filter>Header Files</Filter>
    </ClInclude>
    <ClInclude Include="src\andromeda\Renderer\Deferred\deferred_directional_light.h">
      <Filter>Header Files</Filter>
    </ClInclude>
    <ClInclude Include="src\opengl\Graphics\texture_gl.h">
      <Filter>Header Files</Filter>
    </ClInclude>
    <ClInclude Include="include\andromeda\Graphics\text.h">
      <Filter>Header Files</Filter>
    </ClInclude>
    <ClInclude Include="src\opengl\Graphics\cube_texture_gl.h">
      <Filter>Header Files</Filter>
    </ClInclude>
    <ClInclude Include="include\andromeda\resources.h">
      <Filter>Header Files</Filter>
    </ClInclude>
    <ClInclude Include="include\andromeda\andromeda_init.h">
      <Filter>Header Files</Filter>
    </ClInclude>
    <ClInclude Include="src\andromeda\Renderer\Deferred\deferred_geometry_method.h">
      <Filter>Header Files</Filter>
    </ClInclude>
    <ClInclude Include="src\andromeda\Renderer\Deferred\deferred_lighting_method.h">
      <Filter>Header Files</Filter>
    </ClInclude>
    <ClInclude Include="src\andromeda\Renderer\Deferred\deferred_gbuffer_layer_extension.h">
      <Filter>Header Files</Filter>
    </ClInclude>
    <ClInclude Include="src\andromeda\Renderer\Deferred\deferred_environment.h">
      <Filter>Header Files</Filter>
    </ClInclude>
    <ClInclude Include="include\andromeda\Resources2\resource_factory.h">
      <Filter>Header Files</Filter>
    </ClInclude>
    <ClInclude Include="include\andromeda\Resources2\resource_builder.h">
      <Filter>Header Files</Filter>
    </ClInclude>
    <ClInclude Include="include\andromeda\Resources2\resource_factory.hpp">
      <Filter>Header Files</Filter>
    </ClInclude>
    <ClInclude Include="include\andromeda\Resources2\resource.h">
      <Filter>Header Files</Filter>
    </ClInclude>
    <ClInclude Include="src\andromeda\Resources2\resource_texture.h">
      <Filter>Header Files</Filter>
    </ClInclude>
    <ClInclude Include="include\andromeda\graphics_conversion.h">
      <Filter>Header Files</Filter>
    </ClInclude>
    <ClInclude Include="include\opengl\graphics_gl_conversions.h">
      <Filter>Header Files</Filter>
    </ClInclude>
    <ClInclude Include="src\andromeda\Resources2\resource_volumetexture.h">
      <Filter>Header Files</Filter>
    </ClInclude>
    <ClInclude Include="include\andromeda\Resources2\resource_map.h">
      <Filter>Header Files</Filter>
    </ClInclude>
    <ClInclude Include="include\andromeda\Utilities\Util\ptree_helper.h">
      <Filter>Header Files</Filter>
    </ClInclude>
    <ClInclude Include="src\andromeda\Resources2\resource_cube_texture.h">
      <Filter>Header Files</Filter>
    </ClInclude>
    <ClInclude Include="include\andromeda\IO\file.h">
      <Filter>Header Files</Filter>
    </ClInclude>
    <ClInclude Include="include\andromeda\IO\file_location.h">
      <Filter>Header Files</Filter>
    </ClInclude>
    <ClInclude Include="include\andromeda\IO\file_queue.h">
      <Filter>Header Files</Filter>
    </ClInclude>
    <ClInclude Include="include\andromeda\Engine\invoker.h">
      <Filter>Header Files</Filter>
    </ClInclude>
  </ItemGroup>
  <ItemGroup>
    <Text Include="Docs\readme.txt" />
    <Text Include="Docs\notes.txt" />
    <Text Include="Docs\todo.txt" />
    <Text Include="Docs\code.txt" />
    <Text Include="readme.txt" />
    <Text Include="notes.txt" />
    <Text Include="res\shader\passthru.vs" />
    <Text Include="res\shader\display_wireframe.gs" />
    <Text Include="res\shader\deferredRenderer.vs" />
    <Text Include="libdesign.txt" />
    <Text Include="todo.txt" />
  </ItemGroup>
  <ItemGroup>
    <ClCompile Include="src\andromeda\Engine\engine.cpp">
      <Filter>Source Files</Filter>
    </ClCompile>
    <ClCompile Include="src\windows\andromeda_windows.cpp">
      <Filter>Source Files</Filter>
    </ClCompile>
    <ClCompile Include="src\windows\Platform\platform_windows.cpp">
      <Filter>Source Files</Filter>
    </ClCompile>
    <ClCompile Include="src\andromeda\Utilities\log.cpp">
      <Filter>Source Files</Filter>
    </ClCompile>
    <ClCompile Include="src\andromeda\Engine\config.cpp">
      <Filter>Source Files</Filter>
    </ClCompile>
    <ClCompile Include="src\andromeda\Input\keyboard.cpp">
      <Filter>Source Files</Filter>
    </ClCompile>
    <ClCompile Include="src\andromeda\Input\mouse.cpp">
      <Filter>Source Files</Filter>
    </ClCompile>
    <ClCompile Include="src\andromeda\Platform\platform.cpp">
      <Filter>Source Files</Filter>
    </ClCompile>
    <ClCompile Include="src\andromeda\Engine\system.cpp">
      <Filter>Source Files</Filter>
    </ClCompile>
    <ClCompile Include="src\andromeda\Graphics\buffer.cpp">
      <Filter>Source Files</Filter>
    </ClCompile>
    <ClCompile Include="src\andromeda\Events\resize.cpp">
      <Filter>Source Files</Filter>
    </ClCompile>
    <ClCompile Include="src\andromeda\Utilities\io.cpp">
      <Filter>Source Files</Filter>
    </ClCompile>
    <ClCompile Include="src\andromeda\Input\mouse_listener.cpp">
      <Filter>Source Files</Filter>
    </ClCompile>
    <ClCompile Include="src\andromeda\Input\keyboard_listener.cpp">
      <Filter>Source Files</Filter>
    </ClCompile>
    <ClCompile Include="src\andromeda\Graphics\particle_system.cpp">
      <Filter>Source Files</Filter>
    </ClCompile>
    <ClCompile Include="src\andromeda\Engine\application.cpp">
      <Filter>Source Files</Filter>
    </ClCompile>
    <ClCompile Include="src\andromeda\Game\transform_component.cpp">
      <Filter>Source Files</Filter>
    </ClCompile>
    <ClCompile Include="src\andromeda\Resources\texture_resource.cpp">
      <Filter>Source Files</Filter>
    </ClCompile>
    <ClCompile Include="src\andromeda\Graphics\render_target2.cpp">
      <Filter>Source Files</Filter>
    </ClCompile>
    <ClCompile Include="src\andromeda\Geometry\geometry_cube.cpp">
      <Filter>Source Files</Filter>
    </ClCompile>
    <ClCompile Include="src\andromeda\Geometry\geometry_ellipse.cpp">
      <Filter>Source Files</Filter>
    </ClCompile>
    <ClCompile Include="src\andromeda\Geometry\geometry.cpp">
      <Filter>Source Files</Filter>
    </ClCompile>
    <ClCompile Include="src\andromeda\Geometry\geometry_builder.cpp">
      <Filter>Source Files</Filter>
    </ClCompile>
    <ClCompile Include="src\andromeda\Geometry\geometry_desc.cpp">
      <Filter>Source Files</Filter>
    </ClCompile>
    <ClCompile Include="src\andromeda\Renderer\context.cpp">
      <Filter>Source Files</Filter>
    </ClCompile>
    <ClCompile Include="src\andromeda\Renderer\renderable.cpp">
      <Filter>Source Files</Filter>
    </ClCompile>
    <ClCompile Include="src\andromeda\Renderer\view.cpp">
      <Filter>Source Files</Filter>
    </ClCompile>
    <ClCompile Include="src\windows\Renderer\context_windows.cpp">
      <Filter>Source Files</Filter>
    </ClCompile>
    <ClCompile Include="src\andromeda\Resources\resource_manager.cpp">
      <Filter>Source Files</Filter>
    </ClCompile>
    <ClCompile Include="src\andromeda\Renderer\layer.cpp">
      <Filter>Source Files</Filter>
    </ClCompile>
    <ClCompile Include="src\andromeda\Renderer\scene_graph_basic.cpp">
      <Filter>Source Files</Filter>
    </ClCompile>
    <ClCompile Include="src\andromeda\Game\game_object.cpp">
      <Filter>Source Files</Filter>
    </ClCompile>
    <ClCompile Include="src\andromeda\Renderer\scene.cpp">
      <Filter>Source Files</Filter>
    </ClCompile>
    <ClCompile Include="src\andromeda\Game\render_component.cpp">
      <Filter>Source Files</Filter>
    </ClCompile>
    <ClCompile Include="src\andromeda\Renderer\view_screen.cpp">
      <Filter>Source Files</Filter>
    </ClCompile>
    <ClCompile Include="src\andromeda\Game\geometry_component.cpp">
      <Filter>Source Files</Filter>
    </ClCompile>
    <ClCompile Include="src\andromeda\Game\entity.cpp">
      <Filter>Source Files</Filter>
    </ClCompile>
    <ClCompile Include="src\andromeda\Renderer\view_builder.cpp">
      <Filter>Source Files</Filter>
    </ClCompile>
    <ClCompile Include="src\andromeda\Graphics\mesh.cpp">
      <Filter>Source Files</Filter>
    </ClCompile>
    <ClCompile Include="src\andromeda\Resources\mesh_resource.cpp">
      <Filter>Source Files</Filter>
    </ClCompile>
    <ClCompile Include="src\andromeda\Game\mesh_component.cpp">
      <Filter>Source Files</Filter>
    </ClCompile>
    <ClCompile Include="src\andromeda\Graphics\font.cpp">
      <Filter>Source Files</Filter>
    </ClCompile>
    <ClCompile Include="src\andromeda\Graphics\material.cpp">
      <Filter>Source Files</Filter>
    </ClCompile>
    <ClCompile Include="src\andromeda\andromeda.cpp">
      <Filter>Source Files</Filter>
    </ClCompile>
    <ClCompile Include="src\windows\Engine\display_windows.cpp">
      <Filter>Source Files</Filter>
    </ClCompile>
    <ClCompile Include="src\andromeda\Engine\display.cpp">
      <Filter>Source Files</Filter>
    </ClCompile>
    <ClCompile Include="src\xeffect\x_effect.cpp">
      <Filter>Source Files</Filter>
    </ClCompile>
    <ClCompile Include="src\xeffect\x_pass.cpp">
      <Filter>Source Files</Filter>
    </ClCompile>
    <ClCompile Include="src\xeffect\x_technique.cpp">
      <Filter>Source Files</Filter>
    </ClCompile>
    <ClCompile Include="src\xeffect\xeffect.cpp">
      <Filter>Source Files</Filter>
    </ClCompile>
    <ClCompile Include="src\xeffect\xloader.cpp">
      <Filter>Source Files</Filter>
    </ClCompile>
    <ClCompile Include="src\xeffect\x_shader.cpp">
      <Filter>Source Files</Filter>
    </ClCompile>
    <ClCompile Include="src\xeffect\x_variable_map.cpp">
      <Filter>Source Files</Filter>
    </ClCompile>
    <ClCompile Include="src\xeffect\x_shader_builder.cpp">
      <Filter>Source Files</Filter>
    </ClCompile>
    <ClCompile Include="src\xeffect\x_shader_source.cpp">
      <Filter>Source Files</Filter>
    </ClCompile>
    <ClCompile Include="src\xeffect\x_node.cpp">
      <Filter>Source Files</Filter>
    </ClCompile>
    <ClCompile Include="src\andromeda\Utilities\timing.cpp">
      <Filter>Source Files</Filter>
    </ClCompile>
    <ClCompile Include="src\xeffect\x_extension.cpp">
      <Filter>Source Files</Filter>
    </ClCompile>
    <ClCompile Include="src\andromeda\Resources\effect_resource.cpp">
      <Filter>Source Files</Filter>
    </ClCompile>
    <ClCompile Include="src\xeffect\x_uniform_builder.cpp">
      <Filter>Source Files</Filter>
    </ClCompile>
    <ClCompile Include="src\xeffect\x_state_builder.cpp">
      <Filter>Source Files</Filter>
    </ClCompile>
    <ClCompile Include="src\xeffect\x_state.cpp">
      <Filter>Source Files</Filter>
    </ClCompile>
    <ClCompile Include="src\andromeda\graphics.cpp">
      <Filter>Source Files</Filter>
    </ClCompile>
    <ClCompile Include="src\opengl\graphics_gl.cpp">
      <Filter>Source Files</Filter>
    </ClCompile>
    <ClCompile Include="src\andromeda\Geometry\geometry_surface.cpp">
      <Filter>Source Files</Filter>
    </ClCompile>
    <ClCompile Include="src\andromeda\Geometry\geometry_generate.cpp">
      <Filter>Source Files</Filter>
    </ClCompile>
    <ClCompile Include="src\andromeda\Renderer\camera.cpp">
      <Filter>Source Files</Filter>
    </ClCompile>
    <ClCompile Include="src\andromeda\Renderer\layer_builder.cpp">
      <Filter>Source Files</Filter>
    </ClCompile>
    <ClCompile Include="src\andromeda\Geometry\geometry_polygon.cpp">
      <Filter>Source Files</Filter>
    </ClCompile>
    <ClCompile Include="src\andromeda\Geometry\tesselation.cpp">
      <Filter>Source Files</Filter>
    </ClCompile>
    <ClCompile Include="src\andromeda\Geometry\primitive_builder.cpp">
      <Filter>Source Files</Filter>
    </ClCompile>
    <ClCompile Include="src\andromeda\Game\text_component.cpp">
      <Filter>Source Files</Filter>
    </ClCompile>
    <ClCompile Include="src\andromeda\Resources\font_resource.cpp">
      <Filter>Source Files</Filter>
    </ClCompile>
    <ClCompile Include="src\andromeda\Geometry\shape.cpp">
      <Filter>Source Files</Filter>
    </ClCompile>
    <ClCompile Include="src\andromeda\Graphics\font_atlas.cpp">
      <Filter>Source Files</Filter>
    </ClCompile>
    <ClCompile Include="src\andromeda\Renderer\scene_manager.cpp">
      <Filter>Source Files</Filter>
    </ClCompile>
    <ClCompile Include="src\andromeda\Engine\updater.cpp">
      <Filter>Source Files</Filter>
    </ClCompile>
    <ClCompile Include="src\andromeda\Renderer\renderer.cpp">
      <Filter>Source Files</Filter>
    </ClCompile>
    <ClCompile Include="src\andromeda\Renderer\renderer_deferred.cpp">
      <Filter>Source Files</Filter>
    </ClCompile>
    <ClCompile Include="src\andromeda\Renderer\renderable_group.cpp">
      <Filter>Source Files</Filter>
    </ClCompile>
    <ClCompile Include="src\andromeda\Renderer\scene_graph_cache.cpp">
      <Filter>Source Files</Filter>
    </ClCompile>
    <ClCompile Include="src\opengl\Graphics\frame_buffer_gl.cpp">
      <Filter>Source Files</Filter>
    </ClCompile>
    <ClCompile Include="src\opengl\Graphics\render_buffer_gl.cpp">
      <Filter>Source Files</Filter>
    </ClCompile>
    <ClCompile Include="src\opengl\Graphics\shader_gl.cpp">
      <Filter>Source Files</Filter>
    </ClCompile>
    <ClCompile Include="src\andromeda\Renderer\Deferred\deferred_directional_light.cpp">
      <Filter>Source Files</Filter>
    </ClCompile>
    <ClCompile Include="src\opengl\Graphics\texture_gl.cpp">
      <Filter>Source Files</Filter>
    </ClCompile>
    <ClCompile Include="src\andromeda\Graphics\text.cpp">
      <Filter>Source Files</Filter>
    </ClCompile>
    <ClCompile Include="src\opengl\Graphics\cube_texture_gl.cpp">
      <Filter>Source Files</Filter>
    </ClCompile>
    <ClCompile Include="src\andromeda\resources.cpp">
      <Filter>Source Files</Filter>
    </ClCompile>
    <ClCompile Include="src\andromeda\Utilities\image.cpp">
      <Filter>Source Files</Filter>
    </ClCompile>
    <ClCompile Include="src\andromeda\Renderer\Deferred\deferred_geometry_method.cpp">
      <Filter>Source Files</Filter>
    </ClCompile>
    <ClCompile Include="src\andromeda\Renderer\Deferred\deferred_lighting_method.cpp">
      <Filter>Source Files</Filter>
    </ClCompile>
    <ClCompile Include="src\andromeda\Renderer\Deferred\deferred_gbuffer_layer_extension.cpp">
      <Filter>Source Files</Filter>
    </ClCompile>
    <ClCompile Include="src\andromeda\Renderer\render_method.cpp">
      <Filter>Source Files</Filter>
    </ClCompile>
    <ClCompile Include="src\andromeda\Renderer\Deferred\deferred_environment.cpp">
      <Filter>Source Files</Filter>
    </ClCompile>
    <ClCompile Include="src\andromeda\Resources2\resource_factory.cpp">
      <Filter>Source Files</Filter>
    </ClCompile>
    <ClCompile Include="src\andromeda\graphics_conversion.cpp">
      <Filter>Source Files</Filter>
    </ClCompile>
    <ClCompile Include="src\andromeda\Utilities\Helpers\ptree_helper.cpp">
      <Filter>Source Files</Filter>
    </ClCompile>
    <ClCompile Include="src\andromeda\Resources2\builder_cube_texture.cpp">
      <Filter>Source Files</Filter>
    </ClCompile>
    <ClCompile Include="src\andromeda\Resources2\builder_volume_texture.cpp">
      <Filter>Source Files</Filter>
    </ClCompile>
    <ClCompile Include="src\andromeda\Resources2\builder_texture.cpp">
      <Filter>Source Files</Filter>
    </ClCompile>
    <ClCompile Include="src\andromeda\Resources\resource_location_filesystem.cpp">
      <Filter>Source Files</Filter>
    </ClCompile>
    <ClCompile Include="src\andromeda\IO\file_text.cpp">
      <Filter>Source Files</Filter>
    </ClCompile>
    <ClCompile Include="src\andromeda\IO\file.cpp">
      <Filter>Source Files</Filter>
    </ClCompile>
    <ClCompile Include="src\andromeda\IO\file_binary.cpp">
      <Filter>Source Files</Filter>
    </ClCompile>
    <ClCompile Include="src\andromeda\IO\location_filesystem.cpp">
      <Filter>Source Files</Filter>
    </ClCompile>
    <ClCompile Include="src\andromeda\IO\file_queue.cpp">
      <Filter>Source Files</Filter>
    </ClCompile>
    <ClCompile Include="src\andromeda\Engine\invoker.cpp">
      <Filter>Source Files</Filter>
    </ClCompile>
  </ItemGroup>
  <ItemGroup>
    <Xml Include="res\shader\shader_example.xml" />
    <Xml Include="res\shader\shader.xml" />
    <Xml Include="res\shader\vector.xml" />
    <Xml Include="res\shader\deferred.xml" />
    <Xml Include="res\resources.xml" />
  </ItemGroup>
  <ItemGroup>
    <None Include="res\shader\calc_Normal.glsl" />
    <None Include="res\shader\shader.fs" />
    <None Include="res\shader\shader.vs" />
    <None Include="res\shader\display_normal.gs" />
    <None Include="res\shader\constant_color.fs" />
    <None Include="res\shader\vector.vs" />
    <None Include="res\shader\vector.fs" />
    <None Include="res\shader\deferredGeometry.vs" />
    <None Include="res\shader\old\lighting_BlinnPhong.glsl" />
    <None Include="res\shader\old\lighting_Phong.glsl" />
    <None Include="res\shader\old\types.glsl" />
    <None Include="res\shader\deferredGeometry.fs" />
    <None Include="res\shader\deferredRenderer.fs" />
    <None Include="res\shader\skybox.fs" />
    <None Include="res\shader\skybox.vs" />
  </ItemGroup>
</Project>