<?xml version="1.0" encoding="utf-8"?>
<Project ToolsVersion="4.0" xmlns="http://schemas.microsoft.com/developer/msbuild/2003">
  <ItemGroup>
    <Filter Include="Source Files">
      <UniqueIdentifier>{4FC737F1-C7A5-4376-A066-2A32D752A2FF}</UniqueIdentifier>
      <Extensions>cpp;c;cc;cxx;def;odl;idl;hpj;bat;asm;asmx</Extensions>
    </Filter>
    <Filter Include="Header Files">
      <UniqueIdentifier>{93995380-89BD-4b04-88EB-625FBE52EBFB}</UniqueIdentifier>
      <Extensions>h;hh;hpp;hxx;hm;inl;inc;xsd</Extensions>
    </Filter>
    <Filter Include="Resource Files">
      <UniqueIdentifier>{67DA6AB6-F800-4c08-8B7A-83BB121AAD01}</UniqueIdentifier>
      <Extensions>rc;ico;cur;bmp;dlg;rc2;rct;bin;rgs;gif;jpg;jpeg;jpe;resx;tiff;tif;png;wav;mfcribbon-ms</Extensions>
    </Filter>
  </ItemGroup>
  <ItemGroup>
    <ClInclude Include="include\andromeda\stddef.h">
      <Filter>Header Files</Filter>
    </ClInclude>
    <ClInclude Include="include\andromeda\Graphics\opengl.h">
      <Filter>Header Files</Filter>
    </ClInclude>
    <ClInclude Include="include\andromeda\Input\mouse.h">
      <Filter>Header Files</Filter>
    </ClInclude>
    <ClInclude Include="include\andromeda\Input\keyboard.h">
      <Filter>Header Files</Filter>
    </ClInclude>
    <ClInclude Include="include\andromeda\Utilities\template.h">
      <Filter>Header Files</Filter>
    </ClInclude>
    <ClInclude Include="Docs\docs.txt">
      <Filter>Header Files</Filter>
    </ClInclude>
    <ClInclude Include="include\andromeda\Engine\engine.h">
      <Filter>Header Files</Filter>
    </ClInclude>
    <ClInclude Include="include\andromeda\andromeda.h">
      <Filter>Header Files</Filter>
    </ClInclude>
    <ClInclude Include="include\andromeda\Graphics\context.h">
      <Filter>Header Files</Filter>
    </ClInclude>
    <ClInclude Include="include\andromeda\Platform\platform.h">
      <Filter>Header Files</Filter>
    </ClInclude>
    <ClInclude Include="src\windows\Platform\platform_windows.h">
      <Filter>Header Files</Filter>
    </ClInclude>
    <ClInclude Include="include\andromeda\Graphics\renderer.h">
      <Filter>Header Files</Filter>
    </ClInclude>
    <ClInclude Include="src\windows\Graphics\context_windows.h">
      <Filter>Header Files</Filter>
    </ClInclude>
    <ClInclude Include="include\andromeda\Utilities\log.h">
      <Filter>Header Files</Filter>
    </ClInclude>
    <ClInclude Include="include\andromeda\Events\event.h">
      <Filter>Header Files</Filter>
    </ClInclude>
    <ClInclude Include="include\andromeda\Events\event_manager.h">
      <Filter>Header Files</Filter>
    </ClInclude>
    <ClInclude Include="include\andromeda\Engine\config.h">
      <Filter>Header Files</Filter>
    </ClInclude>
    <ClInclude Include="include\andromeda\Utilities\observer.h">
      <Filter>Header Files</Filter>
    </ClInclude>
    <ClInclude Include="include\andromeda\Utilities\singleton.h">
      <Filter>Header Files</Filter>
    </ClInclude>
    <ClInclude Include="include\andromeda\Input\input.h">
      <Filter>Header Files</Filter>
    </ClInclude>
    <ClInclude Include="include\andromeda\Utilities\dependancy.h">
      <Filter>Header Files</Filter>
    </ClInclude>
    <ClInclude Include="include\andromeda\Engine\engine.hpp">
      <Filter>Header Files</Filter>
    </ClInclude>
    <ClInclude Include="include\andromeda\Engine\module.h">
      <Filter>Header Files</Filter>
    </ClInclude>
    <ClInclude Include="include\andromeda\Events\event_manager.hpp">
      <Filter>Header Files</Filter>
    </ClInclude>
    <ClInclude Include="include\andromeda\Engine\system.h">
      <Filter>Header Files</Filter>
    </ClInclude>
    <ClInclude Include="include\andromeda\exception.h">
      <Filter>Header Files</Filter>
    </ClInclude>
    <ClInclude Include="include\andromeda\Utilities\timing.h">
      <Filter>Header Files</Filter>
    </ClInclude>
    <ClInclude Include="include\andromeda\Graphics\geometry_builder.h">
      <Filter>Header Files</Filter>
    </ClInclude>
    <ClInclude Include="include\andromeda\Graphics\buffer.h">
      <Filter>Header Files</Filter>
    </ClInclude>
    <ClInclude Include="include\andromeda\Graphics\view.h">
      <Filter>Header Files</Filter>
    </ClInclude>
    <ClInclude Include="include\andromeda\Math\region.h">
      <Filter>Header Files</Filter>
    </ClInclude>
    <ClInclude Include="include\andromeda\Math\glmx\glm_extension.h">
      <Filter>Header Files</Filter>
    </ClInclude>
    <ClInclude Include="include\andromeda\Math\glmx\glm_infinity.h">
      <Filter>Header Files</Filter>
    </ClInclude>
    <ClInclude Include="include\andromeda\Math\glmx\glm_conversion.h">
      <Filter>Header Files</Filter>
    </ClInclude>
    <ClInclude Include="include\andromeda\Events\resize.h">
      <Filter>Header Files</Filter>
    </ClInclude>
    <ClInclude Include="include\andromeda\Graphics\display.h">
      <Filter>Header Files</Filter>
    </ClInclude>
    <ClInclude Include="include\andromeda\Graphics\scene_graph.h">
      <Filter>Header Files</Filter>
    </ClInclude>
    <ClInclude Include="include\andromeda\Math\matrix_stack.h">
      <Filter>Header Files</Filter>
    </ClInclude>
    <ClInclude Include="include\andromeda\Graphics\renderable.h">
      <Filter>Header Files</Filter>
    </ClInclude>
    <ClInclude Include="include\andromeda\Graphics\camera.h">
      <Filter>Header Files</Filter>
    </ClInclude>
    <ClInclude Include="include\andromeda\Graphics\shader.h">
      <Filter>Header Files</Filter>
    </ClInclude>
    <ClInclude Include="include\andromeda\Utilities\io.h">
      <Filter>Header Files</Filter>
    </ClInclude>
    <ClInclude Include="include\andromeda\Graphics\pass.h">
      <Filter>Header Files</Filter>
    </ClInclude>
    <ClInclude Include="include\andromeda\Graphics\render_list.h">
      <Filter>Header Files</Filter>
    </ClInclude>
    <ClInclude Include="include\andromeda\Input\action.h">
      <Filter>Header Files</Filter>
    </ClInclude>
    <ClInclude Include="include\andromeda\Graphics\geometry_desc.h">
      <Filter>Header Files</Filter>
    </ClInclude>
    <ClInclude Include="include\andromeda\Graphics\geometry.h">
      <Filter>Header Files</Filter>
    </ClInclude>
    <ClInclude Include="include\andromeda\Graphics\material.h">
      <Filter>Header Files</Filter>
    </ClInclude>
    <ClInclude Include="include\andromeda\Game\entity.h">
      <Filter>Header Files</Filter>
    </ClInclude>
    <ClInclude Include="include\andromeda\Game\component.h">
      <Filter>Header Files</Filter>
    </ClInclude>
    <ClInclude Include="include\andromeda\Game\entity.hpp">
      <Filter>Header Files</Filter>
    </ClInclude>
    <ClInclude Include="include\andromeda\Game\dummy_component.h">
      <Filter>Header Files</Filter>
    </ClInclude>
    <ClInclude Include="include\andromeda\Game\application.h">
      <Filter>Header Files</Filter>
    </ClInclude>
  </ItemGroup>
  <ItemGroup>
    <Text Include="Docs\readme.txt" />
    <Text Include="Docs\notes.txt" />
    <Text Include="Docs\todo.txt" />
    <Text Include="Docs\code.txt" />
  </ItemGroup>
  <ItemGroup>
    <ClCompile Include="src\andromeda\Engine\engine.cpp">
      <Filter>Source Files</Filter>
    </ClCompile>
    <ClCompile Include="src\windows\andromeda_windows.cpp">
      <Filter>Source Files</Filter>
    </ClCompile>
    <ClCompile Include="src\windows\Platform\platform_windows.cpp">
      <Filter>Source Files</Filter>
    </ClCompile>
    <ClCompile Include="src\andromeda\Graphics\context.cpp">
      <Filter>Source Files</Filter>
    </ClCompile>
    <ClCompile Include="src\andromeda\Graphics\renderer.cpp">
      <Filter>Source Files</Filter>
    </ClCompile>
    <ClCompile Include="src\windows\Graphics\context_windows.cpp">
      <Filter>Source Files</Filter>
    </ClCompile>
    <ClCompile Include="src\andromeda\Utilities\log.cpp">
      <Filter>Source Files</Filter>
    </ClCompile>
    <ClCompile Include="src\andromeda\Engine\config.cpp">
      <Filter>Source Files</Filter>
    </ClCompile>
    <ClCompile Include="src\andromeda\Input\keyboard.cpp">
      <Filter>Source Files</Filter>
    </ClCompile>
    <ClCompile Include="src\andromeda\Input\mouse.cpp">
      <Filter>Source Files</Filter>
    </ClCompile>
    <ClCompile Include="src\andromeda\Platform\platform.cpp">
      <Filter>Source Files</Filter>
    </ClCompile>
    <ClCompile Include="src\andromeda\Engine\system.cpp">
      <Filter>Source Files</Filter>
    </ClCompile>
    <ClCompile Include="src\andromeda\Graphics\geometry_builder.cpp">
      <Filter>Source Files</Filter>
    </ClCompile>
    <ClCompile Include="src\andromeda\Graphics\buffer.cpp">
      <Filter>Source Files</Filter>
    </ClCompile>
    <ClCompile Include="src\andromeda\Graphics\view.cpp">
      <Filter>Source Files</Filter>
    </ClCompile>
    <ClCompile Include="src\andromeda\Events\resize.cpp">
      <Filter>Source Files</Filter>
    </ClCompile>
    <ClCompile Include="src\andromeda\Graphics\shader.cpp">
      <Filter>Source Files</Filter>
    </ClCompile>
    <ClCompile Include="src\andromeda\Utilities\io.cpp">
      <Filter>Source Files</Filter>
    </ClCompile>
    <ClCompile Include="src\andromeda\Graphics\pass.cpp">
      <Filter>Source Files</Filter>
    </ClCompile>
    <ClCompile Include="src\andromeda\Graphics\render_list.cpp">
      <Filter>Source Files</Filter>
    </ClCompile>
    <ClCompile Include="src\andromeda\Graphics\renderable.cpp">
      <Filter>Source Files</Filter>
    </ClCompile>
    <ClCompile Include="src\andromeda\Input\mouse_listener.cpp">
      <Filter>Source Files</Filter>
    </ClCompile>
    <ClCompile Include="src\andromeda\Input\keyboard_listener.cpp">
      <Filter>Source Files</Filter>
    </ClCompile>
    <ClCompile Include="src\andromeda\Graphics\geometry_desc.cpp">
      <Filter>Source Files</Filter>
    </ClCompile>
    <ClCompile Include="src\andromeda\Graphics\Geometry\geometry_cube.cpp">
      <Filter>Source Files</Filter>
    </ClCompile>
    <ClCompile Include="src\andromeda\Graphics\geometry.cpp">
      <Filter>Source Files</Filter>
    </ClCompile>
    <ClCompile Include="src\andromeda\Graphics\camera.cpp">
      <Filter>Source Files</Filter>
    </ClCompile>
    <ClCompile Include="src\andromeda\Graphics\Geometry\geometry_plane.cpp">
      <Filter>Source Files</Filter>
    </ClCompile>
    <ClCompile Include="src\andromeda\Game\entity.cpp">
      <Filter>Source Files</Filter>
    </ClCompile>
    <ClCompile Include="src\andromeda\Game\application.cpp">
      <Filter>Source Files</Filter>
    </ClCompile>
    <ClCompile Include="src\andromeda\Graphics\Geometry\geometry_ellipse.cpp">
      <Filter>Source Files</Filter>
    </ClCompile>
  </ItemGroup>
</Project>